<?xml version="1.0" encoding="utf-8"?>
<Project ToolsVersion="4.0" xmlns="http://schemas.microsoft.com/developer/msbuild/2003">
  <ItemGroup>
    <Filter Include="Исходные файлы">
      <UniqueIdentifier>{4FC737F1-C7A5-4376-A066-2A32D752A2FF}</UniqueIdentifier>
      <Extensions>cpp;c;cc;cxx;def;odl;idl;hpj;bat;asm;asmx</Extensions>
    </Filter>
    <Filter Include="Файлы заголовков">
      <UniqueIdentifier>{93995380-89BD-4b04-88EB-625FBE52EBFB}</UniqueIdentifier>
      <Extensions>h;hh;hpp;hxx;hm;inl;inc;ipp;xsd</Extensions>
    </Filter>
    <Filter Include="Файлы ресурсов">
      <UniqueIdentifier>{67DA6AB6-F800-4c08-8B7A-83BB121AAD01}</UniqueIdentifier>
      <Extensions>rc;ico;cur;bmp;dlg;rc2;rct;bin;rgs;gif;jpg;jpeg;jpe;resx;tiff;tif;png;wav;mfcribbon-ms</Extensions>
    </Filter>
    <Filter Include="Исходные файлы\N">
      <UniqueIdentifier>{9e5ac930-d47b-45a6-b580-3523d1d0464d}</UniqueIdentifier>
    </Filter>
    <Filter Include="Исходные файлы\Z">
      <UniqueIdentifier>{3a353af8-0c7d-4469-9a5f-dbaf35cda21e}</UniqueIdentifier>
    </Filter>
    <Filter Include="Исходные файлы\Q">
      <UniqueIdentifier>{796457d6-31d3-426d-85eb-7494c9aa8ee3}</UniqueIdentifier>
    </Filter>
    <Filter Include="Исходные файлы\P">
      <UniqueIdentifier>{fced2ea7-3302-437c-8851-7538066b5e8b}</UniqueIdentifier>
    </Filter>
    <Filter Include="Файлы заголовков\N">
      <UniqueIdentifier>{62e42d2a-9c0a-42a7-b3c9-a2af1398d082}</UniqueIdentifier>
    </Filter>
    <Filter Include="Файлы заголовков\Z">
      <UniqueIdentifier>{3ece8594-f6f3-4279-aeba-41e8012d2d1b}</UniqueIdentifier>
    </Filter>
    <Filter Include="Файлы заголовков\Q">
      <UniqueIdentifier>{0c248b1b-dc15-4a65-bafa-68dd167ca143}</UniqueIdentifier>
    </Filter>
    <Filter Include="Файлы заголовков\P">
      <UniqueIdentifier>{8be2f74e-02f5-40fa-80f1-b70e00404ca3}</UniqueIdentifier>
    </Filter>
    <Filter Include="Файлы заголовков\Additions">
      <UniqueIdentifier>{20f07d68-ffd4-4f98-ade0-a8664384735c}</UniqueIdentifier>
    </Filter>
  </ItemGroup>
  <ItemGroup>
    <ClInclude Include="N.h">
      <Filter>Файлы заголовков\N</Filter>
    </ClInclude>
    <ClInclude Include="NRecognizer.h">
      <Filter>Файлы заголовков\N</Filter>
    </ClInclude>
    <ClInclude Include="P.h">
      <Filter>Файлы заголовков\P</Filter>
    </ClInclude>
    <ClInclude Include="PRecognizer.h">
      <Filter>Файлы заголовков\P</Filter>
    </ClInclude>
    <ClInclude Include="Q.h">
      <Filter>Файлы заголовков\Q</Filter>
    </ClInclude>
    <ClInclude Include="QRecognizer.h">
      <Filter>Файлы заголовков\Q</Filter>
    </ClInclude>
    <ClInclude Include="Z.h">
      <Filter>Файлы заголовков\Z</Filter>
    </ClInclude>
    <ClInclude Include="ZRecognizer.h">
      <Filter>Файлы заголовков\Z</Filter>
    </ClInclude>
    <ClInclude Include="Exceptions.h">
      <Filter>Файлы заголовков\Additions</Filter>
    </ClInclude>
    <ClInclude Include="Recognizer.h">
      <Filter>Файлы заголовков\Additions</Filter>
    </ClInclude>
    <ClInclude Include="SpecialType.h">
      <Filter>Файлы заголовков\Additions</Filter>
    </ClInclude>
    <ClInclude Include="TemplateOperations.h">
      <Filter>Файлы заголовков\Additions</Filter>
    </ClInclude>
  </ItemGroup>
  <ItemGroup>
    <ClCompile Include="Main.cpp">
      <Filter>Исходные файлы</Filter>
    </ClCompile>
    <ClCompile Include="N.cpp">
      <Filter>Исходные файлы\N</Filter>
    </ClCompile>
    <ClCompile Include="NRecognizer.cpp">
      <Filter>Исходные файлы\N</Filter>
    </ClCompile>
    <ClCompile Include="P.cpp">
      <Filter>Исходные файлы\P</Filter>
    </ClCompile>
    <ClCompile Include="PRecognizer.cpp">
      <Filter>Исходные файлы\P</Filter>
    </ClCompile>
    <ClCompile Include="Q.cpp">
      <Filter>Исходные файлы\Q</Filter>
    </ClCompile>
    <ClCompile Include="QRecognizer.cpp">
      <Filter>Исходные файлы\Q</Filter>
    </ClCompile>
    <ClCompile Include="Z.cpp">
      <Filter>Исходные файлы\Z</Filter>
    </ClCompile>
    <ClCompile Include="ZRecognizer.cpp">
      <Filter>Исходные файлы\Z</Filter>
    </ClCompile>
  </ItemGroup>
</Project>